
Microsoft Visual Studio Solution File, Format Version 12.00
# Visual Studio Version 16
VisualStudioVersion = 16.0.29102.190
MinimumVisualStudioVersion = 10.0.40219.1
Project("{FAE04EC0-301F-11D3-BF4B-00C04F79EFBC}") = "Web_sorted_name", "Web_sorted_name\Web_sorted_name.csproj", "{828F72A4-F646-451C-AE43-8E57376435F6}"
EndProject
Global
	GlobalSection(SolutionConfigurationPlatforms) = preSolution
		Debug|Any CPU = Debug|Any CPU
		Release|Any CPU = Release|Any CPU
	EndGlobalSection
	GlobalSection(ProjectConfigurationPlatforms) = postSolution
		{828F72A4-F646-451C-AE43-8E57376435F6}.Debug|Any CPU.ActiveCfg = Debug|Any CPU
		{828F72A4-F646-451C-AE43-8E57376435F6}.Debug|Any CPU.Build.0 = Debug|Any CPU
		{828F72A4-F646-451C-AE43-8E57376435F6}.Release|Any CPU.ActiveCfg = Release|Any CPU
		{828F72A4-F646-451C-AE43-8E57376435F6}.Release|Any CPU.Build.0 = Release|Any CPU
	EndGlobalSection
	GlobalSection(SolutionProperties) = preSolution
		HideSolutionNode = FALSE
	EndGlobalSection
	GlobalSection(ExtensibilityGlobals) = postSolution
		SolutionGuid = {C5A91E15-8271-4633-A9FE-8F4291D665A9}
	EndGlobalSection
EndGlobal
